// !$*UTF8*$!
{
	archiveVersion = 1;
	classes = {
	};
	objectVersion = 55;
	objects = {

/* Begin PBXBuildFile section */
		3117B03E2879D9A300565384 /* Profile.storyboard in Resources */ = {isa = PBXBuildFile; fileRef = 3117B0382879D9A300565384 /* Profile.storyboard */; };
		3117B03F2879D9A300565384 /* ProfileContract.swift in Sources */ = {isa = PBXBuildFile; fileRef = 3117B0392879D9A300565384 /* ProfileContract.swift */; };
		3117B0402879D9A300565384 /* ProfilePresenter.swift in Sources */ = {isa = PBXBuildFile; fileRef = 3117B03A2879D9A300565384 /* ProfilePresenter.swift */; };
		3117B0412879D9A300565384 /* ProfileRouter.swift in Sources */ = {isa = PBXBuildFile; fileRef = 3117B03B2879D9A300565384 /* ProfileRouter.swift */; };
		3117B0422879D9A300565384 /* ProfileViewController.swift in Sources */ = {isa = PBXBuildFile; fileRef = 3117B03C2879D9A300565384 /* ProfileViewController.swift */; };
		3117B0432879D9A300565384 /* ProfileInteractor.swift in Sources */ = {isa = PBXBuildFile; fileRef = 3117B03D2879D9A300565384 /* ProfileInteractor.swift */; };
		3117B04C2879E06300565384 /* CitySelection.storyboard in Resources */ = {isa = PBXBuildFile; fileRef = 3117B0462879E06300565384 /* CitySelection.storyboard */; };
		3117B04D2879E06300565384 /* CitySelectionContract.swift in Sources */ = {isa = PBXBuildFile; fileRef = 3117B0472879E06300565384 /* CitySelectionContract.swift */; };
		3117B04E2879E06300565384 /* CitySelectionPresenter.swift in Sources */ = {isa = PBXBuildFile; fileRef = 3117B0482879E06300565384 /* CitySelectionPresenter.swift */; };
		3117B04F2879E06300565384 /* CitySelectionRouter.swift in Sources */ = {isa = PBXBuildFile; fileRef = 3117B0492879E06300565384 /* CitySelectionRouter.swift */; };
		3117B0502879E06300565384 /* CitySelectionViewController.swift in Sources */ = {isa = PBXBuildFile; fileRef = 3117B04A2879E06300565384 /* CitySelectionViewController.swift */; };
		3117B0512879E06300565384 /* CitySelectionInteractor.swift in Sources */ = {isa = PBXBuildFile; fileRef = 3117B04B2879E06300565384 /* CitySelectionInteractor.swift */; };
		3117B05D287A0C2A00565384 /* CitySelectionTableViewAdapter.swift in Sources */ = {isa = PBXBuildFile; fileRef = 3117B05C287A0C2A00565384 /* CitySelectionTableViewAdapter.swift */; };
		3117B061287A0DBA00565384 /* CityTableViewCell.swift in Sources */ = {isa = PBXBuildFile; fileRef = 3117B05F287A0DBA00565384 /* CityTableViewCell.swift */; };
		3117B062287A0DBA00565384 /* CityTableViewCell.xib in Resources */ = {isa = PBXBuildFile; fileRef = 3117B060287A0DBA00565384 /* CityTableViewCell.xib */; };
		3117B070287B27BD00565384 /* StationSelection.storyboard in Resources */ = {isa = PBXBuildFile; fileRef = 3117B06A287B27BD00565384 /* StationSelection.storyboard */; };
		3117B071287B27BD00565384 /* StationSelectionContract.swift in Sources */ = {isa = PBXBuildFile; fileRef = 3117B06B287B27BD00565384 /* StationSelectionContract.swift */; };
		3117B072287B27BD00565384 /* StationSelectionPresenter.swift in Sources */ = {isa = PBXBuildFile; fileRef = 3117B06C287B27BD00565384 /* StationSelectionPresenter.swift */; };
		3117B073287B27BD00565384 /* StationSelectionRouter.swift in Sources */ = {isa = PBXBuildFile; fileRef = 3117B06D287B27BD00565384 /* StationSelectionRouter.swift */; };
		3117B074287B27BD00565384 /* StationSelectionViewController.swift in Sources */ = {isa = PBXBuildFile; fileRef = 3117B06E287B27BD00565384 /* StationSelectionViewController.swift */; };
		3117B075287B27BD00565384 /* StationSelectionInteractor.swift in Sources */ = {isa = PBXBuildFile; fileRef = 3117B06F287B27BD00565384 /* StationSelectionInteractor.swift */; };
		3117B07A287B30B300565384 /* StationTableViewCell.swift in Sources */ = {isa = PBXBuildFile; fileRef = 3117B078287B30B300565384 /* StationTableViewCell.swift */; };
		3117B07B287B30B300565384 /* StationTableViewCell.xib in Resources */ = {isa = PBXBuildFile; fileRef = 3117B079287B30B300565384 /* StationTableViewCell.xib */; };
		3117B07D287C54A600565384 /* StationSelectionTableViewAdapter.swift in Sources */ = {isa = PBXBuildFile; fileRef = 3117B07C287C54A600565384 /* StationSelectionTableViewAdapter.swift */; };
		3117B080287C583000565384 /* Station.swift in Sources */ = {isa = PBXBuildFile; fileRef = 3117B07F287C583000565384 /* Station.swift */; };
		3117B082287C683A00565384 /* Double+Ext.swift in Sources */ = {isa = PBXBuildFile; fileRef = 3117B081287C683A00565384 /* Double+Ext.swift */; };
		3117B084287C709300565384 /* StationDetail.swift in Sources */ = {isa = PBXBuildFile; fileRef = 3117B083287C709300565384 /* StationDetail.swift */; };
		3117B086287C7EE500565384 /* Date+Ext.swift in Sources */ = {isa = PBXBuildFile; fileRef = 3117B085287C7EE500565384 /* Date+Ext.swift */; };
		3117D55C28725AB600FBF010 /* ChargerLoginPresenter.swift in Sources */ = {isa = PBXBuildFile; fileRef = 3117D55B28725AB600FBF010 /* ChargerLoginPresenter.swift */; };
		3117D55E28725B4500FBF010 /* ChargerLoginInteractor.swift in Sources */ = {isa = PBXBuildFile; fileRef = 3117D55D28725B4500FBF010 /* ChargerLoginInteractor.swift */; };
		3117D56228733CAB00FBF010 /* ChargerLoginRouter.swift in Sources */ = {isa = PBXBuildFile; fileRef = 3117D56128733CAB00FBF010 /* ChargerLoginRouter.swift */; };
		311D78AB2874B82D0092B75B /* UITextField+Ext.swift in Sources */ = {isa = PBXBuildFile; fileRef = 311D78AA2874B82D0092B75B /* UITextField+Ext.swift */; };
		311D78AD2874B8620092B75B /* UIColor+Ext.swift in Sources */ = {isa = PBXBuildFile; fileRef = 311D78AC2874B8620092B75B /* UIColor+Ext.swift */; };
		311D78B12874BE770092B75B /* Login.storyboard in Resources */ = {isa = PBXBuildFile; fileRef = 311D78B02874BE770092B75B /* Login.storyboard */; };
		311D78B72874C7D20092B75B /* LoginResponse.swift in Sources */ = {isa = PBXBuildFile; fileRef = 311D78B62874C7D10092B75B /* LoginResponse.swift */; };
		311D78BF2874C9D80092B75B /* Booking.storyboard in Resources */ = {isa = PBXBuildFile; fileRef = 311D78B92874C9D80092B75B /* Booking.storyboard */; };
		311D78C02874C9D80092B75B /* BookingContract.swift in Sources */ = {isa = PBXBuildFile; fileRef = 311D78BA2874C9D80092B75B /* BookingContract.swift */; };
		311D78C12874C9D80092B75B /* BookingPresenter.swift in Sources */ = {isa = PBXBuildFile; fileRef = 311D78BB2874C9D80092B75B /* BookingPresenter.swift */; };
		311D78C22874C9D80092B75B /* BookingRouter.swift in Sources */ = {isa = PBXBuildFile; fileRef = 311D78BC2874C9D80092B75B /* BookingRouter.swift */; };
		311D78C32874C9D80092B75B /* BookingViewController.swift in Sources */ = {isa = PBXBuildFile; fileRef = 311D78BD2874C9D80092B75B /* BookingViewController.swift */; };
		311D78C42874C9D80092B75B /* BookingInteractor.swift in Sources */ = {isa = PBXBuildFile; fileRef = 311D78BE2874C9D80092B75B /* BookingInteractor.swift */; };
		311D78C62874D5D70092B75B /* UIView+Ext.swift in Sources */ = {isa = PBXBuildFile; fileRef = 311D78C52874D5D70092B75B /* UIView+Ext.swift */; };
		3130DE1D287221CB0077A4FB /* ChargerLoginContract.swift in Sources */ = {isa = PBXBuildFile; fileRef = 3130DE1C287221CB0077A4FB /* ChargerLoginContract.swift */; };
		31961140287079D50068F5C3 /* AppDelegate.swift in Sources */ = {isa = PBXBuildFile; fileRef = 3196113F287079D50068F5C3 /* AppDelegate.swift */; };
		31961142287079D50068F5C3 /* SceneDelegate.swift in Sources */ = {isa = PBXBuildFile; fileRef = 31961141287079D50068F5C3 /* SceneDelegate.swift */; };
		31961144287079D50068F5C3 /* ChargerLoginViewController.swift in Sources */ = {isa = PBXBuildFile; fileRef = 31961143287079D50068F5C3 /* ChargerLoginViewController.swift */; };
		31961147287079D50068F5C3 /* Main.storyboard in Resources */ = {isa = PBXBuildFile; fileRef = 31961145287079D50068F5C3 /* Main.storyboard */; };
		31961149287079D90068F5C3 /* Assets.xcassets in Resources */ = {isa = PBXBuildFile; fileRef = 31961148287079D90068F5C3 /* Assets.xcassets */; };
		3196114C287079D90068F5C3 /* LaunchScreen.storyboard in Resources */ = {isa = PBXBuildFile; fileRef = 3196114A287079D90068F5C3 /* LaunchScreen.storyboard */; };
		31961157287079DA0068F5C3 /* charger_appTests.swift in Sources */ = {isa = PBXBuildFile; fileRef = 31961156287079DA0068F5C3 /* charger_appTests.swift */; };
		31961161287079DA0068F5C3 /* charger_appUITests.swift in Sources */ = {isa = PBXBuildFile; fileRef = 31961160287079DA0068F5C3 /* charger_appUITests.swift */; };
		31961163287079DA0068F5C3 /* charger_appUITestsLaunchTests.swift in Sources */ = {isa = PBXBuildFile; fileRef = 31961162287079DA0068F5C3 /* charger_appUITestsLaunchTests.swift */; };
		3196117028707DEB0068F5C3 /* String+Ext.swift in Sources */ = {isa = PBXBuildFile; fileRef = 3196116F28707DEB0068F5C3 /* String+Ext.swift */; };
		31DB5FD22877566100BDCC95 /* LocationService.swift in Sources */ = {isa = PBXBuildFile; fileRef = 31DB5FD12877566100BDCC95 /* LocationService.swift */; };
/* End PBXBuildFile section */

/* Begin PBXContainerItemProxy section */
		31961153287079DA0068F5C3 /* PBXContainerItemProxy */ = {
			isa = PBXContainerItemProxy;
			containerPortal = 31961134287079D50068F5C3 /* Project object */;
			proxyType = 1;
			remoteGlobalIDString = 3196113B287079D50068F5C3;
			remoteInfo = charger_app;
		};
		3196115D287079DA0068F5C3 /* PBXContainerItemProxy */ = {
			isa = PBXContainerItemProxy;
			containerPortal = 31961134287079D50068F5C3 /* Project object */;
			proxyType = 1;
			remoteGlobalIDString = 3196113B287079D50068F5C3;
			remoteInfo = charger_app;
		};
/* End PBXContainerItemProxy section */

/* Begin PBXFileReference section */
		3117B0382879D9A300565384 /* Profile.storyboard */ = {isa = PBXFileReference; lastKnownFileType = file.storyboard; path = Profile.storyboard; sourceTree = "<group>"; };
		3117B0392879D9A300565384 /* ProfileContract.swift */ = {isa = PBXFileReference; lastKnownFileType = sourcecode.swift; path = ProfileContract.swift; sourceTree = "<group>"; };
		3117B03A2879D9A300565384 /* ProfilePresenter.swift */ = {isa = PBXFileReference; lastKnownFileType = sourcecode.swift; path = ProfilePresenter.swift; sourceTree = "<group>"; };
		3117B03B2879D9A300565384 /* ProfileRouter.swift */ = {isa = PBXFileReference; lastKnownFileType = sourcecode.swift; path = ProfileRouter.swift; sourceTree = "<group>"; };
		3117B03C2879D9A300565384 /* ProfileViewController.swift */ = {isa = PBXFileReference; lastKnownFileType = sourcecode.swift; path = ProfileViewController.swift; sourceTree = "<group>"; };
		3117B03D2879D9A300565384 /* ProfileInteractor.swift */ = {isa = PBXFileReference; lastKnownFileType = sourcecode.swift; path = ProfileInteractor.swift; sourceTree = "<group>"; };
		3117B0462879E06300565384 /* CitySelection.storyboard */ = {isa = PBXFileReference; lastKnownFileType = file.storyboard; path = CitySelection.storyboard; sourceTree = "<group>"; };
		3117B0472879E06300565384 /* CitySelectionContract.swift */ = {isa = PBXFileReference; lastKnownFileType = sourcecode.swift; path = CitySelectionContract.swift; sourceTree = "<group>"; };
		3117B0482879E06300565384 /* CitySelectionPresenter.swift */ = {isa = PBXFileReference; lastKnownFileType = sourcecode.swift; path = CitySelectionPresenter.swift; sourceTree = "<group>"; };
		3117B0492879E06300565384 /* CitySelectionRouter.swift */ = {isa = PBXFileReference; lastKnownFileType = sourcecode.swift; path = CitySelectionRouter.swift; sourceTree = "<group>"; };
		3117B04A2879E06300565384 /* CitySelectionViewController.swift */ = {isa = PBXFileReference; lastKnownFileType = sourcecode.swift; path = CitySelectionViewController.swift; sourceTree = "<group>"; };
		3117B04B2879E06300565384 /* CitySelectionInteractor.swift */ = {isa = PBXFileReference; lastKnownFileType = sourcecode.swift; path = CitySelectionInteractor.swift; sourceTree = "<group>"; };
		3117B05C287A0C2A00565384 /* CitySelectionTableViewAdapter.swift */ = {isa = PBXFileReference; lastKnownFileType = sourcecode.swift; path = CitySelectionTableViewAdapter.swift; sourceTree = "<group>"; };
		3117B05F287A0DBA00565384 /* CityTableViewCell.swift */ = {isa = PBXFileReference; lastKnownFileType = sourcecode.swift; path = CityTableViewCell.swift; sourceTree = "<group>"; };
		3117B060287A0DBA00565384 /* CityTableViewCell.xib */ = {isa = PBXFileReference; lastKnownFileType = file.xib; path = CityTableViewCell.xib; sourceTree = "<group>"; };
		3117B06A287B27BD00565384 /* StationSelection.storyboard */ = {isa = PBXFileReference; lastKnownFileType = file.storyboard; path = StationSelection.storyboard; sourceTree = "<group>"; };
		3117B06B287B27BD00565384 /* StationSelectionContract.swift */ = {isa = PBXFileReference; lastKnownFileType = sourcecode.swift; path = StationSelectionContract.swift; sourceTree = "<group>"; };
		3117B06C287B27BD00565384 /* StationSelectionPresenter.swift */ = {isa = PBXFileReference; lastKnownFileType = sourcecode.swift; path = StationSelectionPresenter.swift; sourceTree = "<group>"; };
		3117B06D287B27BD00565384 /* StationSelectionRouter.swift */ = {isa = PBXFileReference; lastKnownFileType = sourcecode.swift; path = StationSelectionRouter.swift; sourceTree = "<group>"; };
		3117B06E287B27BD00565384 /* StationSelectionViewController.swift */ = {isa = PBXFileReference; lastKnownFileType = sourcecode.swift; path = StationSelectionViewController.swift; sourceTree = "<group>"; };
		3117B06F287B27BD00565384 /* StationSelectionInteractor.swift */ = {isa = PBXFileReference; lastKnownFileType = sourcecode.swift; path = StationSelectionInteractor.swift; sourceTree = "<group>"; };
		3117B078287B30B300565384 /* StationTableViewCell.swift */ = {isa = PBXFileReference; lastKnownFileType = sourcecode.swift; path = StationTableViewCell.swift; sourceTree = "<group>"; };
		3117B079287B30B300565384 /* StationTableViewCell.xib */ = {isa = PBXFileReference; lastKnownFileType = file.xib; path = StationTableViewCell.xib; sourceTree = "<group>"; };
		3117B07C287C54A600565384 /* StationSelectionTableViewAdapter.swift */ = {isa = PBXFileReference; lastKnownFileType = sourcecode.swift; path = StationSelectionTableViewAdapter.swift; sourceTree = "<group>"; };
		3117B07F287C583000565384 /* Station.swift */ = {isa = PBXFileReference; lastKnownFileType = sourcecode.swift; path = Station.swift; sourceTree = "<group>"; };
		3117B081287C683A00565384 /* Double+Ext.swift */ = {isa = PBXFileReference; lastKnownFileType = sourcecode.swift; path = "Double+Ext.swift"; sourceTree = "<group>"; };
		3117B083287C709300565384 /* StationDetail.swift */ = {isa = PBXFileReference; lastKnownFileType = sourcecode.swift; path = StationDetail.swift; sourceTree = "<group>"; };
		3117B085287C7EE500565384 /* Date+Ext.swift */ = {isa = PBXFileReference; lastKnownFileType = sourcecode.swift; path = "Date+Ext.swift"; sourceTree = "<group>"; };
		3117D55B28725AB600FBF010 /* ChargerLoginPresenter.swift */ = {isa = PBXFileReference; lastKnownFileType = sourcecode.swift; path = ChargerLoginPresenter.swift; sourceTree = "<group>"; };
		3117D55D28725B4500FBF010 /* ChargerLoginInteractor.swift */ = {isa = PBXFileReference; lastKnownFileType = sourcecode.swift; path = ChargerLoginInteractor.swift; sourceTree = "<group>"; };
		3117D56128733CAB00FBF010 /* ChargerLoginRouter.swift */ = {isa = PBXFileReference; lastKnownFileType = sourcecode.swift; path = ChargerLoginRouter.swift; sourceTree = "<group>"; };
		311D78AA2874B82D0092B75B /* UITextField+Ext.swift */ = {isa = PBXFileReference; lastKnownFileType = sourcecode.swift; path = "UITextField+Ext.swift"; sourceTree = "<group>"; };
		311D78AC2874B8620092B75B /* UIColor+Ext.swift */ = {isa = PBXFileReference; lastKnownFileType = sourcecode.swift; path = "UIColor+Ext.swift"; sourceTree = "<group>"; };
		311D78B02874BE770092B75B /* Login.storyboard */ = {isa = PBXFileReference; lastKnownFileType = file.storyboard; path = Login.storyboard; sourceTree = "<group>"; };
		311D78B62874C7D10092B75B /* LoginResponse.swift */ = {isa = PBXFileReference; lastKnownFileType = sourcecode.swift; path = LoginResponse.swift; sourceTree = "<group>"; };
		311D78B92874C9D80092B75B /* Booking.storyboard */ = {isa = PBXFileReference; lastKnownFileType = file.storyboard; path = Booking.storyboard; sourceTree = "<group>"; };
		311D78BA2874C9D80092B75B /* BookingContract.swift */ = {isa = PBXFileReference; lastKnownFileType = sourcecode.swift; path = BookingContract.swift; sourceTree = "<group>"; };
		311D78BB2874C9D80092B75B /* BookingPresenter.swift */ = {isa = PBXFileReference; lastKnownFileType = sourcecode.swift; path = BookingPresenter.swift; sourceTree = "<group>"; };
		311D78BC2874C9D80092B75B /* BookingRouter.swift */ = {isa = PBXFileReference; lastKnownFileType = sourcecode.swift; path = BookingRouter.swift; sourceTree = "<group>"; };
		311D78BD2874C9D80092B75B /* BookingViewController.swift */ = {isa = PBXFileReference; lastKnownFileType = sourcecode.swift; path = BookingViewController.swift; sourceTree = "<group>"; };
		311D78BE2874C9D80092B75B /* BookingInteractor.swift */ = {isa = PBXFileReference; lastKnownFileType = sourcecode.swift; path = BookingInteractor.swift; sourceTree = "<group>"; };
		311D78C52874D5D70092B75B /* UIView+Ext.swift */ = {isa = PBXFileReference; lastKnownFileType = sourcecode.swift; path = "UIView+Ext.swift"; sourceTree = "<group>"; };
		3130DE1C287221CB0077A4FB /* ChargerLoginContract.swift */ = {isa = PBXFileReference; lastKnownFileType = sourcecode.swift; path = ChargerLoginContract.swift; sourceTree = "<group>"; };
		3196113C287079D50068F5C3 /* charger_app.app */ = {isa = PBXFileReference; explicitFileType = wrapper.application; includeInIndex = 0; path = charger_app.app; sourceTree = BUILT_PRODUCTS_DIR; };
		3196113F287079D50068F5C3 /* AppDelegate.swift */ = {isa = PBXFileReference; lastKnownFileType = sourcecode.swift; path = AppDelegate.swift; sourceTree = "<group>"; };
		31961141287079D50068F5C3 /* SceneDelegate.swift */ = {isa = PBXFileReference; lastKnownFileType = sourcecode.swift; path = SceneDelegate.swift; sourceTree = "<group>"; };
		31961143287079D50068F5C3 /* ChargerLoginViewController.swift */ = {isa = PBXFileReference; lastKnownFileType = sourcecode.swift; path = ChargerLoginViewController.swift; sourceTree = "<group>"; };
		31961146287079D50068F5C3 /* Base */ = {isa = PBXFileReference; lastKnownFileType = file.storyboard; name = Base; path = Base.lproj/Main.storyboard; sourceTree = "<group>"; };
		31961148287079D90068F5C3 /* Assets.xcassets */ = {isa = PBXFileReference; lastKnownFileType = folder.assetcatalog; path = Assets.xcassets; sourceTree = "<group>"; };
		3196114B287079D90068F5C3 /* Base */ = {isa = PBXFileReference; lastKnownFileType = file.storyboard; name = Base; path = Base.lproj/LaunchScreen.storyboard; sourceTree = "<group>"; };
		3196114D287079D90068F5C3 /* Info.plist */ = {isa = PBXFileReference; lastKnownFileType = text.plist.xml; path = Info.plist; sourceTree = "<group>"; };
		31961152287079DA0068F5C3 /* charger_appTests.xctest */ = {isa = PBXFileReference; explicitFileType = wrapper.cfbundle; includeInIndex = 0; path = charger_appTests.xctest; sourceTree = BUILT_PRODUCTS_DIR; };
		31961156287079DA0068F5C3 /* charger_appTests.swift */ = {isa = PBXFileReference; lastKnownFileType = sourcecode.swift; path = charger_appTests.swift; sourceTree = "<group>"; };
		3196115C287079DA0068F5C3 /* charger_appUITests.xctest */ = {isa = PBXFileReference; explicitFileType = wrapper.cfbundle; includeInIndex = 0; path = charger_appUITests.xctest; sourceTree = BUILT_PRODUCTS_DIR; };
		31961160287079DA0068F5C3 /* charger_appUITests.swift */ = {isa = PBXFileReference; lastKnownFileType = sourcecode.swift; path = charger_appUITests.swift; sourceTree = "<group>"; };
		31961162287079DA0068F5C3 /* charger_appUITestsLaunchTests.swift */ = {isa = PBXFileReference; lastKnownFileType = sourcecode.swift; path = charger_appUITestsLaunchTests.swift; sourceTree = "<group>"; };
		3196116F28707DEB0068F5C3 /* String+Ext.swift */ = {isa = PBXFileReference; lastKnownFileType = sourcecode.swift; path = "String+Ext.swift"; sourceTree = "<group>"; };
		31DB5FD12877566100BDCC95 /* LocationService.swift */ = {isa = PBXFileReference; lastKnownFileType = sourcecode.swift; path = LocationService.swift; sourceTree = "<group>"; };
/* End PBXFileReference section */

/* Begin PBXFrameworksBuildPhase section */
		31961139287079D50068F5C3 /* Frameworks */ = {
			isa = PBXFrameworksBuildPhase;
			buildActionMask = 2147483647;
			files = (
			);
			runOnlyForDeploymentPostprocessing = 0;
		};
		3196114F287079DA0068F5C3 /* Frameworks */ = {
			isa = PBXFrameworksBuildPhase;
			buildActionMask = 2147483647;
			files = (
			);
			runOnlyForDeploymentPostprocessing = 0;
		};
		31961159287079DA0068F5C3 /* Frameworks */ = {
			isa = PBXFrameworksBuildPhase;
			buildActionMask = 2147483647;
			files = (
			);
			runOnlyForDeploymentPostprocessing = 0;
		};
/* End PBXFrameworksBuildPhase section */

/* Begin PBXGroup section */
		3117AFEF2879D40F00565384 /* Profile */ = {
			isa = PBXGroup;
			children = (
				3117B0382879D9A300565384 /* Profile.storyboard */,
				3117B0392879D9A300565384 /* ProfileContract.swift */,
				3117B03A2879D9A300565384 /* ProfilePresenter.swift */,
				3117B03B2879D9A300565384 /* ProfileRouter.swift */,
				3117B03C2879D9A300565384 /* ProfileViewController.swift */,
				3117B03D2879D9A300565384 /* ProfileInteractor.swift */,
			);
			path = Profile;
			sourceTree = "<group>";
		};
		3117B0452879E04500565384 /* CitySelection */ = {
			isa = PBXGroup;
			children = (
				3117B05B287A0C0400565384 /* CitySelectionTableViewAdapter */,
				3117B0462879E06300565384 /* CitySelection.storyboard */,
				3117B0472879E06300565384 /* CitySelectionContract.swift */,
				3117B0482879E06300565384 /* CitySelectionPresenter.swift */,
				3117B0492879E06300565384 /* CitySelectionRouter.swift */,
				3117B04A2879E06300565384 /* CitySelectionViewController.swift */,
				3117B04B2879E06300565384 /* CitySelectionInteractor.swift */,
			);
			path = CitySelection;
			sourceTree = "<group>";
		};
		3117B05B287A0C0400565384 /* CitySelectionTableViewAdapter */ = {
			isa = PBXGroup;
			children = (
				3117B05E287A0D9D00565384 /* Cell */,
				3117B05C287A0C2A00565384 /* CitySelectionTableViewAdapter.swift */,
			);
			path = CitySelectionTableViewAdapter;
			sourceTree = "<group>";
		};
		3117B05E287A0D9D00565384 /* Cell */ = {
			isa = PBXGroup;
			children = (
				3117B05F287A0DBA00565384 /* CityTableViewCell.swift */,
				3117B060287A0DBA00565384 /* CityTableViewCell.xib */,
			);
			path = Cell;
			sourceTree = "<group>";
		};
		3117B069287B27A400565384 /* StationSelection */ = {
			isa = PBXGroup;
			children = (
				3117B07E287C580700565384 /* ResponseClass */,
				3117B076287B2F4600565384 /* StationSelecetionTableViewAdapter */,
				3117B06A287B27BD00565384 /* StationSelection.storyboard */,
				3117B06B287B27BD00565384 /* StationSelectionContract.swift */,
				3117B06C287B27BD00565384 /* StationSelectionPresenter.swift */,
				3117B06D287B27BD00565384 /* StationSelectionRouter.swift */,
				3117B06E287B27BD00565384 /* StationSelectionViewController.swift */,
				3117B06F287B27BD00565384 /* StationSelectionInteractor.swift */,
			);
			path = StationSelection;
			sourceTree = "<group>";
		};
		3117B076287B2F4600565384 /* StationSelecetionTableViewAdapter */ = {
			isa = PBXGroup;
			children = (
				3117B077287B309300565384 /* Cell */,
				3117B07C287C54A600565384 /* StationSelectionTableViewAdapter.swift */,
			);
			path = StationSelecetionTableViewAdapter;
			sourceTree = "<group>";
		};
		3117B077287B309300565384 /* Cell */ = {
			isa = PBXGroup;
			children = (
				3117B078287B30B300565384 /* StationTableViewCell.swift */,
				3117B079287B30B300565384 /* StationTableViewCell.xib */,
			);
			path = Cell;
			sourceTree = "<group>";
		};
		3117B07E287C580700565384 /* ResponseClass */ = {
			isa = PBXGroup;
			children = (
				3117B07F287C583000565384 /* Station.swift */,
				3117B083287C709300565384 /* StationDetail.swift */,
			);
			path = ResponseClass;
			sourceTree = "<group>";
		};
		311D78A92874B80E0092B75B /* Extensions */ = {
			isa = PBXGroup;
			children = (
				3196116F28707DEB0068F5C3 /* String+Ext.swift */,
				311D78AA2874B82D0092B75B /* UITextField+Ext.swift */,
				311D78AC2874B8620092B75B /* UIColor+Ext.swift */,
				311D78C52874D5D70092B75B /* UIView+Ext.swift */,
				3117B081287C683A00565384 /* Double+Ext.swift */,
				3117B085287C7EE500565384 /* Date+Ext.swift */,
			);
			path = Extensions;
			sourceTree = "<group>";
		};
		311D78B22874C1860092B75B /* Resources */ = {
			isa = PBXGroup;
			children = (
				31961148287079D90068F5C3 /* Assets.xcassets */,
			);
			path = Resources;
			sourceTree = "<group>";
		};
		311D78B32874C18A0092B75B /* Supporting Files */ = {
			isa = PBXGroup;
			children = (
				3196114A287079D90068F5C3 /* LaunchScreen.storyboard */,
				3196114D287079D90068F5C3 /* Info.plist */,
			);
			path = "Supporting Files";
			sourceTree = "<group>";
		};
		311D78B42874C1D20092B75B /* Application */ = {
			isa = PBXGroup;
			children = (
				3196113F287079D50068F5C3 /* AppDelegate.swift */,
				31961141287079D50068F5C3 /* SceneDelegate.swift */,
			);
			path = Application;
			sourceTree = "<group>";
		};
		311D78B52874C7AD0092B75B /* ResponseClass */ = {
			isa = PBXGroup;
			children = (
				311D78B62874C7D10092B75B /* LoginResponse.swift */,
			);
			path = ResponseClass;
			sourceTree = "<group>";
		};
		311D78B82874C9B70092B75B /* Booking */ = {
			isa = PBXGroup;
			children = (
				311D78B92874C9D80092B75B /* Booking.storyboard */,
				311D78BA2874C9D80092B75B /* BookingContract.swift */,
				311D78BB2874C9D80092B75B /* BookingPresenter.swift */,
				311D78BC2874C9D80092B75B /* BookingRouter.swift */,
				311D78BD2874C9D80092B75B /* BookingViewController.swift */,
				311D78BE2874C9D80092B75B /* BookingInteractor.swift */,
			);
			path = Booking;
			sourceTree = "<group>";
		};
		3130DE1A2872217D0077A4FB /* Modules */ = {
			isa = PBXGroup;
			children = (
				3117B069287B27A400565384 /* StationSelection */,
				3117B0452879E04500565384 /* CitySelection */,
				3117AFEF2879D40F00565384 /* Profile */,
				311D78B82874C9B70092B75B /* Booking */,
				3130DE1B287221A90077A4FB /* Login */,
			);
			path = Modules;
			sourceTree = "<group>";
		};
		3130DE1B287221A90077A4FB /* Login */ = {
			isa = PBXGroup;
			children = (
				311D78B52874C7AD0092B75B /* ResponseClass */,
				311D78B02874BE770092B75B /* Login.storyboard */,
				3130DE1C287221CB0077A4FB /* ChargerLoginContract.swift */,
				31961143287079D50068F5C3 /* ChargerLoginViewController.swift */,
				3117D55B28725AB600FBF010 /* ChargerLoginPresenter.swift */,
				3117D55D28725B4500FBF010 /* ChargerLoginInteractor.swift */,
				3117D56128733CAB00FBF010 /* ChargerLoginRouter.swift */,
			);
			path = Login;
			sourceTree = "<group>";
		};
		31961133287079D50068F5C3 = {
			isa = PBXGroup;
			children = (
				3196113E287079D50068F5C3 /* charger_app */,
				31961155287079DA0068F5C3 /* charger_appTests */,
				3196115F287079DA0068F5C3 /* charger_appUITests */,
				3196113D287079D50068F5C3 /* Products */,
			);
			sourceTree = "<group>";
		};
		3196113D287079D50068F5C3 /* Products */ = {
			isa = PBXGroup;
			children = (
				3196113C287079D50068F5C3 /* charger_app.app */,
				31961152287079DA0068F5C3 /* charger_appTests.xctest */,
				3196115C287079DA0068F5C3 /* charger_appUITests.xctest */,
			);
			name = Products;
			sourceTree = "<group>";
		};
		3196113E287079D50068F5C3 /* charger_app */ = {
			isa = PBXGroup;
			children = (
				31DB5FD02877563F00BDCC95 /* Services */,
				311D78B42874C1D20092B75B /* Application */,
				311D78B32874C18A0092B75B /* Supporting Files */,
				311D78B22874C1860092B75B /* Resources */,
				311D78A92874B80E0092B75B /* Extensions */,
				3130DE1A2872217D0077A4FB /* Modules */,
				31961145287079D50068F5C3 /* Main.storyboard */,
			);
			path = charger_app;
			sourceTree = "<group>";
		};
		31961155287079DA0068F5C3 /* charger_appTests */ = {
			isa = PBXGroup;
			children = (
				31961156287079DA0068F5C3 /* charger_appTests.swift */,
			);
			path = charger_appTests;
			sourceTree = "<group>";
		};
		3196115F287079DA0068F5C3 /* charger_appUITests */ = {
			isa = PBXGroup;
			children = (
				31961160287079DA0068F5C3 /* charger_appUITests.swift */,
				31961162287079DA0068F5C3 /* charger_appUITestsLaunchTests.swift */,
			);
			path = charger_appUITests;
			sourceTree = "<group>";
		};
		31DB5FD02877563F00BDCC95 /* Services */ = {
			isa = PBXGroup;
			children = (
				31DB5FD12877566100BDCC95 /* LocationService.swift */,
			);
			path = Services;
			sourceTree = "<group>";
		};
/* End PBXGroup section */

/* Begin PBXNativeTarget section */
		3196113B287079D50068F5C3 /* charger_app */ = {
			isa = PBXNativeTarget;
			buildConfigurationList = 31961166287079DA0068F5C3 /* Build configuration list for PBXNativeTarget "charger_app" */;
			buildPhases = (
				31961138287079D50068F5C3 /* Sources */,
				31961139287079D50068F5C3 /* Frameworks */,
				3196113A287079D50068F5C3 /* Resources */,
			);
			buildRules = (
			);
			dependencies = (
			);
			name = charger_app;
			productName = charger_app;
			productReference = 3196113C287079D50068F5C3 /* charger_app.app */;
			productType = "com.apple.product-type.application";
		};
		31961151287079DA0068F5C3 /* charger_appTests */ = {
			isa = PBXNativeTarget;
			buildConfigurationList = 31961169287079DA0068F5C3 /* Build configuration list for PBXNativeTarget "charger_appTests" */;
			buildPhases = (
				3196114E287079DA0068F5C3 /* Sources */,
				3196114F287079DA0068F5C3 /* Frameworks */,
				31961150287079DA0068F5C3 /* Resources */,
			);
			buildRules = (
			);
			dependencies = (
				31961154287079DA0068F5C3 /* PBXTargetDependency */,
			);
			name = charger_appTests;
			productName = charger_appTests;
			productReference = 31961152287079DA0068F5C3 /* charger_appTests.xctest */;
			productType = "com.apple.product-type.bundle.unit-test";
		};
		3196115B287079DA0068F5C3 /* charger_appUITests */ = {
			isa = PBXNativeTarget;
			buildConfigurationList = 3196116C287079DA0068F5C3 /* Build configuration list for PBXNativeTarget "charger_appUITests" */;
			buildPhases = (
				31961158287079DA0068F5C3 /* Sources */,
				31961159287079DA0068F5C3 /* Frameworks */,
				3196115A287079DA0068F5C3 /* Resources */,
			);
			buildRules = (
			);
			dependencies = (
				3196115E287079DA0068F5C3 /* PBXTargetDependency */,
			);
			name = charger_appUITests;
			productName = charger_appUITests;
			productReference = 3196115C287079DA0068F5C3 /* charger_appUITests.xctest */;
			productType = "com.apple.product-type.bundle.ui-testing";
		};
/* End PBXNativeTarget section */

/* Begin PBXProject section */
		31961134287079D50068F5C3 /* Project object */ = {
			isa = PBXProject;
			attributes = {
				BuildIndependentTargetsInParallel = 1;
				LastSwiftUpdateCheck = 1300;
				LastUpgradeCheck = 1300;
				TargetAttributes = {
					3196113B287079D50068F5C3 = {
						CreatedOnToolsVersion = 13.0;
					};
					31961151287079DA0068F5C3 = {
						CreatedOnToolsVersion = 13.0;
						TestTargetID = 3196113B287079D50068F5C3;
					};
					3196115B287079DA0068F5C3 = {
						CreatedOnToolsVersion = 13.0;
						TestTargetID = 3196113B287079D50068F5C3;
					};
				};
			};
			buildConfigurationList = 31961137287079D50068F5C3 /* Build configuration list for PBXProject "charger_app" */;
			compatibilityVersion = "Xcode 13.0";
			developmentRegion = en;
			hasScannedForEncodings = 0;
			knownRegions = (
				en,
				Base,
			);
			mainGroup = 31961133287079D50068F5C3;
			productRefGroup = 3196113D287079D50068F5C3 /* Products */;
			projectDirPath = "";
			projectRoot = "";
			targets = (
				3196113B287079D50068F5C3 /* charger_app */,
				31961151287079DA0068F5C3 /* charger_appTests */,
				3196115B287079DA0068F5C3 /* charger_appUITests */,
			);
		};
/* End PBXProject section */

/* Begin PBXResourcesBuildPhase section */
		3196113A287079D50068F5C3 /* Resources */ = {
			isa = PBXResourcesBuildPhase;
			buildActionMask = 2147483647;
			files = (
				3117B04C2879E06300565384 /* CitySelection.storyboard in Resources */,
				3117B03E2879D9A300565384 /* Profile.storyboard in Resources */,
				3117B07B287B30B300565384 /* StationTableViewCell.xib in Resources */,
				3117B062287A0DBA00565384 /* CityTableViewCell.xib in Resources */,
				3196114C287079D90068F5C3 /* LaunchScreen.storyboard in Resources */,
				311D78BF2874C9D80092B75B /* Booking.storyboard in Resources */,
				3117B070287B27BD00565384 /* StationSelection.storyboard in Resources */,
				31961149287079D90068F5C3 /* Assets.xcassets in Resources */,
				31961147287079D50068F5C3 /* Main.storyboard in Resources */,
				311D78B12874BE770092B75B /* Login.storyboard in Resources */,
			);
			runOnlyForDeploymentPostprocessing = 0;
		};
		31961150287079DA0068F5C3 /* Resources */ = {
			isa = PBXResourcesBuildPhase;
			buildActionMask = 2147483647;
			files = (
			);
			runOnlyForDeploymentPostprocessing = 0;
		};
		3196115A287079DA0068F5C3 /* Resources */ = {
			isa = PBXResourcesBuildPhase;
			buildActionMask = 2147483647;
			files = (
			);
			runOnlyForDeploymentPostprocessing = 0;
		};
/* End PBXResourcesBuildPhase section */

/* Begin PBXSourcesBuildPhase section */
		31961138287079D50068F5C3 /* Sources */ = {
			isa = PBXSourcesBuildPhase;
			buildActionMask = 2147483647;
			files = (
				311D78AB2874B82D0092B75B /* UITextField+Ext.swift in Sources */,
				3117B04E2879E06300565384 /* CitySelectionPresenter.swift in Sources */,
				3117B082287C683A00565384 /* Double+Ext.swift in Sources */,
				31961144287079D50068F5C3 /* ChargerLoginViewController.swift in Sources */,
				311D78B72874C7D20092B75B /* LoginResponse.swift in Sources */,
				311D78C02874C9D80092B75B /* BookingContract.swift in Sources */,
				3117B05D287A0C2A00565384 /* CitySelectionTableViewAdapter.swift in Sources */,
				3117D55C28725AB600FBF010 /* ChargerLoginPresenter.swift in Sources */,
				3117B0512879E06300565384 /* CitySelectionInteractor.swift in Sources */,
				3117B074287B27BD00565384 /* StationSelectionViewController.swift in Sources */,
				3117B03F2879D9A300565384 /* ProfileContract.swift in Sources */,
				3117B07D287C54A600565384 /* StationSelectionTableViewAdapter.swift in Sources */,
				3117B086287C7EE500565384 /* Date+Ext.swift in Sources */,
				3117B071287B27BD00565384 /* StationSelectionContract.swift in Sources */,
				3117B0422879D9A300565384 /* ProfileViewController.swift in Sources */,
				3117B0412879D9A300565384 /* ProfileRouter.swift in Sources */,
				31961140287079D50068F5C3 /* AppDelegate.swift in Sources */,
				3117B07A287B30B300565384 /* StationTableViewCell.swift in Sources */,
				3117B061287A0DBA00565384 /* CityTableViewCell.swift in Sources */,
				31DB5FD22877566100BDCC95 /* LocationService.swift in Sources */,
				3117B0432879D9A300565384 /* ProfileInteractor.swift in Sources */,
				3117B04D2879E06300565384 /* CitySelectionContract.swift in Sources */,
				311D78AD2874B8620092B75B /* UIColor+Ext.swift in Sources */,
				3117B075287B27BD00565384 /* StationSelectionInteractor.swift in Sources */,
				3117D55E28725B4500FBF010 /* ChargerLoginInteractor.swift in Sources */,
				3117D56228733CAB00FBF010 /* ChargerLoginRouter.swift in Sources */,
				3130DE1D287221CB0077A4FB /* ChargerLoginContract.swift in Sources */,
				31961142287079D50068F5C3 /* SceneDelegate.swift in Sources */,
				3117B084287C709300565384 /* StationDetail.swift in Sources */,
				3117B04F2879E06300565384 /* CitySelectionRouter.swift in Sources */,
				311D78C42874C9D80092B75B /* BookingInteractor.swift in Sources */,
				3117B073287B27BD00565384 /* StationSelectionRouter.swift in Sources */,
				311D78C12874C9D80092B75B /* BookingPresenter.swift in Sources */,
				311D78C62874D5D70092B75B /* UIView+Ext.swift in Sources */,
				3117B072287B27BD00565384 /* StationSelectionPresenter.swift in Sources */,
				3117B0502879E06300565384 /* CitySelectionViewController.swift in Sources */,
				311D78C22874C9D80092B75B /* BookingRouter.swift in Sources */,
				311D78C32874C9D80092B75B /* BookingViewController.swift in Sources */,
				3117B0402879D9A300565384 /* ProfilePresenter.swift in Sources */,
				3196117028707DEB0068F5C3 /* String+Ext.swift in Sources */,
				3117B080287C583000565384 /* Station.swift in Sources */,
			);
			runOnlyForDeploymentPostprocessing = 0;
		};
		3196114E287079DA0068F5C3 /* Sources */ = {
			isa = PBXSourcesBuildPhase;
			buildActionMask = 2147483647;
			files = (
				31961157287079DA0068F5C3 /* charger_appTests.swift in Sources */,
			);
			runOnlyForDeploymentPostprocessing = 0;
		};
		31961158287079DA0068F5C3 /* Sources */ = {
			isa = PBXSourcesBuildPhase;
			buildActionMask = 2147483647;
			files = (
				31961161287079DA0068F5C3 /* charger_appUITests.swift in Sources */,
				31961163287079DA0068F5C3 /* charger_appUITestsLaunchTests.swift in Sources */,
			);
			runOnlyForDeploymentPostprocessing = 0;
		};
/* End PBXSourcesBuildPhase section */

/* Begin PBXTargetDependency section */
		31961154287079DA0068F5C3 /* PBXTargetDependency */ = {
			isa = PBXTargetDependency;
			target = 3196113B287079D50068F5C3 /* charger_app */;
			targetProxy = 31961153287079DA0068F5C3 /* PBXContainerItemProxy */;
		};
		3196115E287079DA0068F5C3 /* PBXTargetDependency */ = {
			isa = PBXTargetDependency;
			target = 3196113B287079D50068F5C3 /* charger_app */;
			targetProxy = 3196115D287079DA0068F5C3 /* PBXContainerItemProxy */;
		};
/* End PBXTargetDependency section */

/* Begin PBXVariantGroup section */
		31961145287079D50068F5C3 /* Main.storyboard */ = {
			isa = PBXVariantGroup;
			children = (
				31961146287079D50068F5C3 /* Base */,
			);
			name = Main.storyboard;
			sourceTree = "<group>";
		};
		3196114A287079D90068F5C3 /* LaunchScreen.storyboard */ = {
			isa = PBXVariantGroup;
			children = (
				3196114B287079D90068F5C3 /* Base */,
			);
			name = LaunchScreen.storyboard;
			sourceTree = "<group>";
		};
/* End PBXVariantGroup section */

/* Begin XCBuildConfiguration section */
		31961164287079DA0068F5C3 /* Debug */ = {
			isa = XCBuildConfiguration;
			buildSettings = {
				ALWAYS_SEARCH_USER_PATHS = NO;
				CLANG_ANALYZER_NONNULL = YES;
				CLANG_ANALYZER_NUMBER_OBJECT_CONVERSION = YES_AGGRESSIVE;
				CLANG_CXX_LANGUAGE_STANDARD = "gnu++17";
				CLANG_CXX_LIBRARY = "libc++";
				CLANG_ENABLE_MODULES = YES;
				CLANG_ENABLE_OBJC_ARC = YES;
				CLANG_ENABLE_OBJC_WEAK = YES;
				CLANG_WARN_BLOCK_CAPTURE_AUTORELEASING = YES;
				CLANG_WARN_BOOL_CONVERSION = YES;
				CLANG_WARN_COMMA = YES;
				CLANG_WARN_CONSTANT_CONVERSION = YES;
				CLANG_WARN_DEPRECATED_OBJC_IMPLEMENTATIONS = YES;
				CLANG_WARN_DIRECT_OBJC_ISA_USAGE = YES_ERROR;
				CLANG_WARN_DOCUMENTATION_COMMENTS = YES;
				CLANG_WARN_EMPTY_BODY = YES;
				CLANG_WARN_ENUM_CONVERSION = YES;
				CLANG_WARN_INFINITE_RECURSION = YES;
				CLANG_WARN_INT_CONVERSION = YES;
				CLANG_WARN_NON_LITERAL_NULL_CONVERSION = YES;
				CLANG_WARN_OBJC_IMPLICIT_RETAIN_SELF = YES;
				CLANG_WARN_OBJC_LITERAL_CONVERSION = YES;
				CLANG_WARN_OBJC_ROOT_CLASS = YES_ERROR;
				CLANG_WARN_QUOTED_INCLUDE_IN_FRAMEWORK_HEADER = YES;
				CLANG_WARN_RANGE_LOOP_ANALYSIS = YES;
				CLANG_WARN_STRICT_PROTOTYPES = YES;
				CLANG_WARN_SUSPICIOUS_MOVE = YES;
				CLANG_WARN_UNGUARDED_AVAILABILITY = YES_AGGRESSIVE;
				CLANG_WARN_UNREACHABLE_CODE = YES;
				CLANG_WARN__DUPLICATE_METHOD_MATCH = YES;
				COPY_PHASE_STRIP = NO;
				DEBUG_INFORMATION_FORMAT = dwarf;
				ENABLE_STRICT_OBJC_MSGSEND = YES;
				ENABLE_TESTABILITY = YES;
				GCC_C_LANGUAGE_STANDARD = gnu11;
				GCC_DYNAMIC_NO_PIC = NO;
				GCC_NO_COMMON_BLOCKS = YES;
				GCC_OPTIMIZATION_LEVEL = 0;
				GCC_PREPROCESSOR_DEFINITIONS = (
					"DEBUG=1",
					"$(inherited)",
				);
				GCC_WARN_64_TO_32_BIT_CONVERSION = YES;
				GCC_WARN_ABOUT_RETURN_TYPE = YES_ERROR;
				GCC_WARN_UNDECLARED_SELECTOR = YES;
				GCC_WARN_UNINITIALIZED_AUTOS = YES_AGGRESSIVE;
				GCC_WARN_UNUSED_FUNCTION = YES;
				GCC_WARN_UNUSED_VARIABLE = YES;
				IPHONEOS_DEPLOYMENT_TARGET = 15.0;
				MTL_ENABLE_DEBUG_INFO = INCLUDE_SOURCE;
				MTL_FAST_MATH = YES;
				ONLY_ACTIVE_ARCH = YES;
				SDKROOT = iphoneos;
				SWIFT_ACTIVE_COMPILATION_CONDITIONS = DEBUG;
				SWIFT_OPTIMIZATION_LEVEL = "-Onone";
			};
			name = Debug;
		};
		31961165287079DA0068F5C3 /* Release */ = {
			isa = XCBuildConfiguration;
			buildSettings = {
				ALWAYS_SEARCH_USER_PATHS = NO;
				CLANG_ANALYZER_NONNULL = YES;
				CLANG_ANALYZER_NUMBER_OBJECT_CONVERSION = YES_AGGRESSIVE;
				CLANG_CXX_LANGUAGE_STANDARD = "gnu++17";
				CLANG_CXX_LIBRARY = "libc++";
				CLANG_ENABLE_MODULES = YES;
				CLANG_ENABLE_OBJC_ARC = YES;
				CLANG_ENABLE_OBJC_WEAK = YES;
				CLANG_WARN_BLOCK_CAPTURE_AUTORELEASING = YES;
				CLANG_WARN_BOOL_CONVERSION = YES;
				CLANG_WARN_COMMA = YES;
				CLANG_WARN_CONSTANT_CONVERSION = YES;
				CLANG_WARN_DEPRECATED_OBJC_IMPLEMENTATIONS = YES;
				CLANG_WARN_DIRECT_OBJC_ISA_USAGE = YES_ERROR;
				CLANG_WARN_DOCUMENTATION_COMMENTS = YES;
				CLANG_WARN_EMPTY_BODY = YES;
				CLANG_WARN_ENUM_CONVERSION = YES;
				CLANG_WARN_INFINITE_RECURSION = YES;
				CLANG_WARN_INT_CONVERSION = YES;
				CLANG_WARN_NON_LITERAL_NULL_CONVERSION = YES;
				CLANG_WARN_OBJC_IMPLICIT_RETAIN_SELF = YES;
				CLANG_WARN_OBJC_LITERAL_CONVERSION = YES;
				CLANG_WARN_OBJC_ROOT_CLASS = YES_ERROR;
				CLANG_WARN_QUOTED_INCLUDE_IN_FRAMEWORK_HEADER = YES;
				CLANG_WARN_RANGE_LOOP_ANALYSIS = YES;
				CLANG_WARN_STRICT_PROTOTYPES = YES;
				CLANG_WARN_SUSPICIOUS_MOVE = YES;
				CLANG_WARN_UNGUARDED_AVAILABILITY = YES_AGGRESSIVE;
				CLANG_WARN_UNREACHABLE_CODE = YES;
				CLANG_WARN__DUPLICATE_METHOD_MATCH = YES;
				COPY_PHASE_STRIP = NO;
				DEBUG_INFORMATION_FORMAT = "dwarf-with-dsym";
				ENABLE_NS_ASSERTIONS = NO;
				ENABLE_STRICT_OBJC_MSGSEND = YES;
				GCC_C_LANGUAGE_STANDARD = gnu11;
				GCC_NO_COMMON_BLOCKS = YES;
				GCC_WARN_64_TO_32_BIT_CONVERSION = YES;
				GCC_WARN_ABOUT_RETURN_TYPE = YES_ERROR;
				GCC_WARN_UNDECLARED_SELECTOR = YES;
				GCC_WARN_UNINITIALIZED_AUTOS = YES_AGGRESSIVE;
				GCC_WARN_UNUSED_FUNCTION = YES;
				GCC_WARN_UNUSED_VARIABLE = YES;
				IPHONEOS_DEPLOYMENT_TARGET = 15.0;
				MTL_ENABLE_DEBUG_INFO = NO;
				MTL_FAST_MATH = YES;
				SDKROOT = iphoneos;
				SWIFT_COMPILATION_MODE = wholemodule;
				SWIFT_OPTIMIZATION_LEVEL = "-O";
				VALIDATE_PRODUCT = YES;
			};
			name = Release;
		};
		31961167287079DA0068F5C3 /* Debug */ = {
			isa = XCBuildConfiguration;
			buildSettings = {
				ASSETCATALOG_COMPILER_APPICON_NAME = AppIcon;
				ASSETCATALOG_COMPILER_GLOBAL_ACCENT_COLOR_NAME = AccentColor;
				CODE_SIGN_STYLE = Automatic;
				CURRENT_PROJECT_VERSION = 1;
				DEVELOPMENT_TEAM = KRCW97NRKQ;
				GENERATE_INFOPLIST_FILE = YES;
				INFOPLIST_FILE = "charger_app/Supporting Files/Info.plist";
				INFOPLIST_KEY_UIApplicationSupportsIndirectInputEvents = YES;
				INFOPLIST_KEY_UILaunchStoryboardName = LaunchScreen;
				INFOPLIST_KEY_UIMainStoryboardFile = Main;
				INFOPLIST_KEY_UISupportedInterfaceOrientations_iPad = "UIInterfaceOrientationPortrait UIInterfaceOrientationPortraitUpsideDown UIInterfaceOrientationLandscapeLeft UIInterfaceOrientationLandscapeRight";
				INFOPLIST_KEY_UISupportedInterfaceOrientations_iPhone = "UIInterfaceOrientationPortrait UIInterfaceOrientationLandscapeLeft UIInterfaceOrientationLandscapeRight";
				LD_RUNPATH_SEARCH_PATHS = (
					"$(inherited)",
					"@executable_path/Frameworks",
				);
				MARKETING_VERSION = 1.0;
				PRODUCT_BUNDLE_IDENTIFIER = "com.fuldenonan.charger-app";
				PRODUCT_NAME = "$(TARGET_NAME)";
				SWIFT_EMIT_LOC_STRINGS = YES;
				SWIFT_VERSION = 5.0;
				TARGETED_DEVICE_FAMILY = "1,2";
			};
			name = Debug;
		};
		31961168287079DA0068F5C3 /* Release */ = {
			isa = XCBuildConfiguration;
			buildSettings = {
				ASSETCATALOG_COMPILER_APPICON_NAME = AppIcon;
				ASSETCATALOG_COMPILER_GLOBAL_ACCENT_COLOR_NAME = AccentColor;
				CODE_SIGN_STYLE = Automatic;
				CURRENT_PROJECT_VERSION = 1;
				DEVELOPMENT_TEAM = KRCW97NRKQ;
				GENERATE_INFOPLIST_FILE = YES;
				INFOPLIST_FILE = "charger_app/Supporting Files/Info.plist";
				INFOPLIST_KEY_UIApplicationSupportsIndirectInputEvents = YES;
				INFOPLIST_KEY_UILaunchStoryboardName = LaunchScreen;
				INFOPLIST_KEY_UIMainStoryboardFile = Main;
				INFOPLIST_KEY_UISupportedInterfaceOrientations_iPad = "UIInterfaceOrientationPortrait UIInterfaceOrientationPortraitUpsideDown UIInterfaceOrientationLandscapeLeft UIInterfaceOrientationLandscapeRight";
				INFOPLIST_KEY_UISupportedInterfaceOrientations_iPhone = "UIInterfaceOrientationPortrait UIInterfaceOrientationLandscapeLeft UIInterfaceOrientationLandscapeRight";
				LD_RUNPATH_SEARCH_PATHS = (
					"$(inherited)",
					"@executable_path/Frameworks",
				);
				MARKETING_VERSION = 1.0;
				PRODUCT_BUNDLE_IDENTIFIER = "com.fuldenonan.charger-app";
				PRODUCT_NAME = "$(TARGET_NAME)";
				SWIFT_EMIT_LOC_STRINGS = YES;
				SWIFT_VERSION = 5.0;
				TARGETED_DEVICE_FAMILY = "1,2";
			};
			name = Release;
		};
		3196116A287079DA0068F5C3 /* Debug */ = {
			isa = XCBuildConfiguration;
			buildSettings = {
				ALWAYS_EMBED_SWIFT_STANDARD_LIBRARIES = YES;
				BUNDLE_LOADER = "$(TEST_HOST)";
				CODE_SIGN_STYLE = Automatic;
				CURRENT_PROJECT_VERSION = 1;
				DEVELOPMENT_TEAM = KRCW97NRKQ;
				GENERATE_INFOPLIST_FILE = YES;
				IPHONEOS_DEPLOYMENT_TARGET = 15.0;
				LD_RUNPATH_SEARCH_PATHS = (
					"$(inherited)",
					"@executable_path/Frameworks",
					"@loader_path/Frameworks",
				);
				MARKETING_VERSION = 1.0;
				PRODUCT_BUNDLE_IDENTIFIER = "com.fuldenonan.charger-appTests";
				PRODUCT_NAME = "$(TARGET_NAME)";
				SWIFT_EMIT_LOC_STRINGS = NO;
				SWIFT_VERSION = 5.0;
				TARGETED_DEVICE_FAMILY = "1,2";
				TEST_HOST = "$(BUILT_PRODUCTS_DIR)/charger_app.app/charger_app";
			};
			name = Debug;
		};
		3196116B287079DA0068F5C3 /* Release */ = {
			isa = XCBuildConfiguration;
			buildSettings = {
				ALWAYS_EMBED_SWIFT_STANDARD_LIBRARIES = YES;
				BUNDLE_LOADER = "$(TEST_HOST)";
				CODE_SIGN_STYLE = Automatic;
				CURRENT_PROJECT_VERSION = 1;
				DEVELOPMENT_TEAM = KRCW97NRKQ;
				GENERATE_INFOPLIST_FILE = YES;
				IPHONEOS_DEPLOYMENT_TARGET = 15.0;
				LD_RUNPATH_SEARCH_PATHS = (
					"$(inherited)",
					"@executable_path/Frameworks",
					"@loader_path/Frameworks",
				);
				MARKETING_VERSION = 1.0;
				PRODUCT_BUNDLE_IDENTIFIER = "com.fuldenonan.charger-appTests";
				PRODUCT_NAME = "$(TARGET_NAME)";
				SWIFT_EMIT_LOC_STRINGS = NO;
				SWIFT_VERSION = 5.0;
				TARGETED_DEVICE_FAMILY = "1,2";
				TEST_HOST = "$(BUILT_PRODUCTS_DIR)/charger_app.app/charger_app";
			};
			name = Release;
		};
		3196116D287079DA0068F5C3 /* Debug */ = {
			isa = XCBuildConfiguration;
			buildSettings = {
				ALWAYS_EMBED_SWIFT_STANDARD_LIBRARIES = YES;
				CODE_SIGN_STYLE = Automatic;
				CURRENT_PROJECT_VERSION = 1;
				DEVELOPMENT_TEAM = KRCW97NRKQ;
				GENERATE_INFOPLIST_FILE = YES;
				LD_RUNPATH_SEARCH_PATHS = (
					"$(inherited)",
					"@executable_path/Frameworks",
					"@loader_path/Frameworks",
				);
				MARKETING_VERSION = 1.0;
				PRODUCT_BUNDLE_IDENTIFIER = "com.fuldenonan.charger-appUITests";
				PRODUCT_NAME = "$(TARGET_NAME)";
				SWIFT_EMIT_LOC_STRINGS = NO;
				SWIFT_VERSION = 5.0;
				TARGETED_DEVICE_FAMILY = "1,2";
				TEST_TARGET_NAME = charger_app;
			};
			name = Debug;
		};
		3196116E287079DA0068F5C3 /* Release */ = {
			isa = XCBuildConfiguration;
			buildSettings = {
				ALWAYS_EMBED_SWIFT_STANDARD_LIBRARIES = YES;
				CODE_SIGN_STYLE = Automatic;
				CURRENT_PROJECT_VERSION = 1;
				DEVELOPMENT_TEAM = KRCW97NRKQ;
				GENERATE_INFOPLIST_FILE = YES;
				LD_RUNPATH_SEARCH_PATHS = (
					"$(inherited)",
					"@executable_path/Frameworks",
					"@loader_path/Frameworks",
				);
				MARKETING_VERSION = 1.0;
				PRODUCT_BUNDLE_IDENTIFIER = "com.fuldenonan.charger-appUITests";
				PRODUCT_NAME = "$(TARGET_NAME)";
				SWIFT_EMIT_LOC_STRINGS = NO;
				SWIFT_VERSION = 5.0;
				TARGETED_DEVICE_FAMILY = "1,2";
				TEST_TARGET_NAME = charger_app;
			};
			name = Release;
		};
/* End XCBuildConfiguration section */

/* Begin XCConfigurationList section */
		31961137287079D50068F5C3 /* Build configuration list for PBXProject "charger_app" */ = {
			isa = XCConfigurationList;
			buildConfigurations = (
				31961164287079DA0068F5C3 /* Debug */,
				31961165287079DA0068F5C3 /* Release */,
			);
			defaultConfigurationIsVisible = 0;
			defaultConfigurationName = Release;
		};
		31961166287079DA0068F5C3 /* Build configuration list for PBXNativeTarget "charger_app" */ = {
			isa = XCConfigurationList;
			buildConfigurations = (
				31961167287079DA0068F5C3 /* Debug */,
				31961168287079DA0068F5C3 /* Release */,
			);
			defaultConfigurationIsVisible = 0;
			defaultConfigurationName = Release;
		};
		31961169287079DA0068F5C3 /* Build configuration list for PBXNativeTarget "charger_appTests" */ = {
			isa = XCConfigurationList;
			buildConfigurations = (
				3196116A287079DA0068F5C3 /* Debug */,
				3196116B287079DA0068F5C3 /* Release */,
			);
			defaultConfigurationIsVisible = 0;
			defaultConfigurationName = Release;
		};
		3196116C287079DA0068F5C3 /* Build configuration list for PBXNativeTarget "charger_appUITests" */ = {
			isa = XCConfigurationList;
			buildConfigurations = (
				3196116D287079DA0068F5C3 /* Debug */,
				3196116E287079DA0068F5C3 /* Release */,
			);
			defaultConfigurationIsVisible = 0;
			defaultConfigurationName = Release;
		};
/* End XCConfigurationList section */
	};
	rootObject = 31961134287079D50068F5C3 /* Project object */;
}
